<Solution>
  <Project Path="ChapterAndVerseReact/ChapterAndVerseReact.AppHost/ChapterAndVerseReact.AppHost.csproj" />
  <Project Path="ChapterAndVerseReact/ChapterAndVerseReact.Server/ChapterAndVerseReact.Server.csproj" />
  <Project Path="ChapterAndVerseReact/frontend/ChapterAndVerseReact.esproj">
    <BuildDependency Project="ChapterAndVerseReact/ChapterAndVerseReact.Server/ChapterAndVerseReact.Server.csproj" />
    <Build />
    <Deploy Solution="Debug|*" />
  </Project>
  <Project Path="PiScreens/PiScreens.pyproj" Type="888888a0-9f3d-457c-b088-3a5042f75d52" Id="b21d4d00-3dad-48f8-b0da-9919322cb6e3">
    <Build Project="false" />
  </Project>
  <Project Path="PiStarDTO/PiStarDTO.csproj" />
  <Project Path="PiStarEndPoints/PiStarEndpoints.csproj" />
</Solution>
